
Microsoft Visual Studio Solution File, Format Version 12.00
Project("{FAE04EC0-301F-11D3-BF4B-00C04F79EFBC}") = "CqrsExample.Api", "src\CqrsExample.Api\CqrsExample.Api.csproj", "{1687F445-AEFE-4142-B596-09C231293A55}"
EndProject
Project("{FAE04EC0-301F-11D3-BF4B-00C04F79EFBC}") = "CqrsExample.Application", "src\CqrsExample.Application\CqrsExample.Application.csproj", "{0D2AE123-D1AC-4E9E-9909-6EBC3087972E}"
EndProject
Project("{FAE04EC0-301F-11D3-BF4B-00C04F79EFBC}") = "CqrsExample.Domain", "src\CqrsExample.Domain\CqrsExample.Domain.csproj", "{5C88A1B7-4562-4834-B62A-28B198E4ED74}"
EndProject
Project("{FAE04EC0-301F-11D3-BF4B-00C04F79EFBC}") = "CqrsExample.Infrastructure", "src\CqrsExample.Infrastructure\CqrsExample.Infrastructure.csproj", "{D4606325-CABC-450A-9CC9-61D68F88BA5F}"
EndProject
Project("{FAE04EC0-301F-11D3-BF4B-00C04F79EFBC}") = "CqrsExample.Domain.Tests", "tests\CqrsExample.Domain.Tests\CqrsExample.Domain.Tests.csproj", "{50676F28-BD29-437F-8F87-88868187836F}"
EndProject
Global
	GlobalSection(SolutionConfigurationPlatforms) = preSolution
		Debug|Any CPU = Debug|Any CPU
		Release|Any CPU = Release|Any CPU
	EndGlobalSection
	GlobalSection(ProjectConfigurationPlatforms) = postSolution
		{1687F445-AEFE-4142-B596-09C231293A55}.Debug|Any CPU.ActiveCfg = Debug|Any CPU
		{1687F445-AEFE-4142-B596-09C231293A55}.Debug|Any CPU.Build.0 = Debug|Any CPU
		{1687F445-AEFE-4142-B596-09C231293A55}.Release|Any CPU.ActiveCfg = Release|Any CPU
		{1687F445-AEFE-4142-B596-09C231293A55}.Release|Any CPU.Build.0 = Release|Any CPU
		{0D2AE123-D1AC-4E9E-9909-6EBC3087972E}.Debug|Any CPU.ActiveCfg = Debug|Any CPU
		{0D2AE123-D1AC-4E9E-9909-6EBC3087972E}.Debug|Any CPU.Build.0 = Debug|Any CPU
		{0D2AE123-D1AC-4E9E-9909-6EBC3087972E}.Release|Any CPU.ActiveCfg = Release|Any CPU
		{0D2AE123-D1AC-4E9E-9909-6EBC3087972E}.Release|Any CPU.Build.0 = Release|Any CPU
		{5C88A1B7-4562-4834-B62A-28B198E4ED74}.Debug|Any CPU.ActiveCfg = Debug|Any CPU
		{5C88A1B7-4562-4834-B62A-28B198E4ED74}.Debug|Any CPU.Build.0 = Debug|Any CPU
		{5C88A1B7-4562-4834-B62A-28B198E4ED74}.Release|Any CPU.ActiveCfg = Release|Any CPU
		{5C88A1B7-4562-4834-B62A-28B198E4ED74}.Release|Any CPU.Build.0 = Release|Any CPU
		{D4606325-CABC-450A-9CC9-61D68F88BA5F}.Debug|Any CPU.ActiveCfg = Debug|Any CPU
		{D4606325-CABC-450A-9CC9-61D68F88BA5F}.Debug|Any CPU.Build.0 = Debug|Any CPU
		{D4606325-CABC-450A-9CC9-61D68F88BA5F}.Release|Any CPU.ActiveCfg = Release|Any CPU
		{D4606325-CABC-450A-9CC9-61D68F88BA5F}.Release|Any CPU.Build.0 = Release|Any CPU
		{50676F28-BD29-437F-8F87-88868187836F}.Debug|Any CPU.ActiveCfg = Debug|Any CPU
		{50676F28-BD29-437F-8F87-88868187836F}.Debug|Any CPU.Build.0 = Debug|Any CPU
		{50676F28-BD29-437F-8F87-88868187836F}.Release|Any CPU.ActiveCfg = Release|Any CPU
		{50676F28-BD29-437F-8F87-88868187836F}.Release|Any CPU.Build.0 = Release|Any CPU
	EndGlobalSection
EndGlobal
